
Microsoft Visual Studio Solution File, Format Version 12.00
# Visual Studio 15
VisualStudioVersion = 15.0.27703.2000
MinimumVisualStudioVersion = 10.0.40219.1
Project("{FAE04EC0-301F-11D3-BF4B-00C04F79EFBC}") = "positionsquare", "positionsquare\positionsquare.csproj", "{6543BAE3-30F5-49B5-AC9C-1A10072CF93D}"
EndProject
Global
	GlobalSection(SolutionConfigurationPlatforms) = preSolution
		Debug|Any CPU = Debug|Any CPU
		Release|Any CPU = Release|Any CPU
	EndGlobalSection
	GlobalSection(ProjectConfigurationPlatforms) = postSolution
		{6543BAE3-30F5-49B5-AC9C-1A10072CF93D}.Debug|Any CPU.ActiveCfg = Debug|Any CPU
		{6543BAE3-30F5-49B5-AC9C-1A10072CF93D}.Debug|Any CPU.Build.0 = Debug|Any CPU
		{6543BAE3-30F5-49B5-AC9C-1A10072CF93D}.Release|Any CPU.ActiveCfg = Release|Any CPU
		{6543BAE3-30F5-49B5-AC9C-1A10072CF93D}.Release|Any CPU.Build.0 = Release|Any CPU
	EndGlobalSection
	GlobalSection(SolutionProperties) = preSolution
		HideSolutionNode = FALSE
	EndGlobalSection
	GlobalSection(ExtensibilityGlobals) = postSolution
		SolutionGuid = {9C4D4AA9-30B7-430F-B246-4506A7BEEA51}
	EndGlobalSection
EndGlobal
