
Microsoft Visual Studio Solution File, Format Version 12.00
# Visual Studio 2012
Project("{FAE04EC0-301F-11D3-BF4B-00C04F79EFBC}") = "Apples", "Apples.csproj", "{91CB6A66-1DB5-4256-9799-2FB983B221B2}"
EndProject
Project("{FAE04EC0-301F-11D3-BF4B-00C04F79EFBC}") = "TestEnvironment", "TestEnvironment\TestEnvironment.csproj", "{B911579E-8018-4406-A2D4-B197293E0E17}"
EndProject
Global
	GlobalSection(SolutionConfigurationPlatforms) = preSolution
		Debug|Any CPU = Debug|Any CPU
		Release|Any CPU = Release|Any CPU
	EndGlobalSection
	GlobalSection(ProjectConfigurationPlatforms) = postSolution
		{91CB6A66-1DB5-4256-9799-2FB983B221B2}.Debug|Any CPU.ActiveCfg = Debug|Any CPU
		{91CB6A66-1DB5-4256-9799-2FB983B221B2}.Debug|Any CPU.Build.0 = Debug|Any CPU
		{91CB6A66-1DB5-4256-9799-2FB983B221B2}.Release|Any CPU.ActiveCfg = Release|Any CPU
		{91CB6A66-1DB5-4256-9799-2FB983B221B2}.Release|Any CPU.Build.0 = Release|Any CPU
		{B911579E-8018-4406-A2D4-B197293E0E17}.Debug|Any CPU.ActiveCfg = Debug|Any CPU
		{B911579E-8018-4406-A2D4-B197293E0E17}.Debug|Any CPU.Build.0 = Debug|Any CPU
		{B911579E-8018-4406-A2D4-B197293E0E17}.Release|Any CPU.ActiveCfg = Release|Any CPU
		{B911579E-8018-4406-A2D4-B197293E0E17}.Release|Any CPU.Build.0 = Release|Any CPU
	EndGlobalSection
EndGlobal
