
Microsoft Visual Studio Solution File, Format Version 12.00
# Visual Studio 15
VisualStudioVersion = 15.0.27703.2035
MinimumVisualStudioVersion = 10.0.40219.1
Project("{FAE04EC0-301F-11D3-BF4B-00C04F79EFBC}") = "MatrixChecker", "MatrixChecker\MatrixChecker.csproj", "{478273B3-02BE-4312-B100-F0FF7174DD44}"
EndProject
Global
	GlobalSection(SolutionConfigurationPlatforms) = preSolution
		Debug|Any CPU = Debug|Any CPU
		Release|Any CPU = Release|Any CPU
	EndGlobalSection
	GlobalSection(ProjectConfigurationPlatforms) = postSolution
		{478273B3-02BE-4312-B100-F0FF7174DD44}.Debug|Any CPU.ActiveCfg = Debug|Any CPU
		{478273B3-02BE-4312-B100-F0FF7174DD44}.Debug|Any CPU.Build.0 = Debug|Any CPU
		{478273B3-02BE-4312-B100-F0FF7174DD44}.Release|Any CPU.ActiveCfg = Release|Any CPU
		{478273B3-02BE-4312-B100-F0FF7174DD44}.Release|Any CPU.Build.0 = Release|Any CPU
	EndGlobalSection
	GlobalSection(SolutionProperties) = preSolution
		HideSolutionNode = FALSE
	EndGlobalSection
	GlobalSection(ExtensibilityGlobals) = postSolution
		SolutionGuid = {F96E9985-A96F-4E65-9DF0-0E0CDADA6004}
	EndGlobalSection
EndGlobal
