
Microsoft Visual Studio Solution File, Format Version 12.00
# Visual Studio 15
VisualStudioVersion = 15.0.27703.2035
MinimumVisualStudioVersion = 10.0.40219.1
Project("{FAE04EC0-301F-11D3-BF4B-00C04F79EFBC}") = "ReReddit", "ReReddit\ReReddit.csproj", "{E039A4F3-D0EE-4CE6-A0A4-832E64B2FE57}"
EndProject
Global
	GlobalSection(SolutionConfigurationPlatforms) = preSolution
		Debug|Any CPU = Debug|Any CPU
		Release|Any CPU = Release|Any CPU
	EndGlobalSection
	GlobalSection(ProjectConfigurationPlatforms) = postSolution
		{E039A4F3-D0EE-4CE6-A0A4-832E64B2FE57}.Debug|Any CPU.ActiveCfg = Debug|Any CPU
		{E039A4F3-D0EE-4CE6-A0A4-832E64B2FE57}.Debug|Any CPU.Build.0 = Debug|Any CPU
		{E039A4F3-D0EE-4CE6-A0A4-832E64B2FE57}.Release|Any CPU.ActiveCfg = Release|Any CPU
		{E039A4F3-D0EE-4CE6-A0A4-832E64B2FE57}.Release|Any CPU.Build.0 = Release|Any CPU
	EndGlobalSection
	GlobalSection(SolutionProperties) = preSolution
		HideSolutionNode = FALSE
	EndGlobalSection
	GlobalSection(ExtensibilityGlobals) = postSolution
		SolutionGuid = {9E4433F6-3771-459C-BD7E-38E6335ECA89}
	EndGlobalSection
EndGlobal
