
Microsoft Visual Studio Solution File, Format Version 12.00
# Visual Studio 15
VisualStudioVersion = 15.0.27703.2000
MinimumVisualStudioVersion = 10.0.40219.1
Project("{FAE04EC0-301F-11D3-BF4B-00C04F79EFBC}") = "Drawing112", "Drawing112\Drawing112.csproj", "{62AABD06-69E2-48CB-B90E-498C32E5062A}"
EndProject
Global
	GlobalSection(SolutionConfigurationPlatforms) = preSolution
		Debug|Any CPU = Debug|Any CPU
		Release|Any CPU = Release|Any CPU
	EndGlobalSection
	GlobalSection(ProjectConfigurationPlatforms) = postSolution
		{62AABD06-69E2-48CB-B90E-498C32E5062A}.Debug|Any CPU.ActiveCfg = Debug|Any CPU
		{62AABD06-69E2-48CB-B90E-498C32E5062A}.Debug|Any CPU.Build.0 = Debug|Any CPU
		{62AABD06-69E2-48CB-B90E-498C32E5062A}.Release|Any CPU.ActiveCfg = Release|Any CPU
		{62AABD06-69E2-48CB-B90E-498C32E5062A}.Release|Any CPU.Build.0 = Release|Any CPU
	EndGlobalSection
	GlobalSection(SolutionProperties) = preSolution
		HideSolutionNode = FALSE
	EndGlobalSection
	GlobalSection(ExtensibilityGlobals) = postSolution
		SolutionGuid = {2D37AEBE-14DC-4846-A54E-5DB68883CCF7}
	EndGlobalSection
EndGlobal
