
Microsoft Visual Studio Solution File, Format Version 12.00
# Visual Studio 2012
Project("{FAE04EC0-301F-11D3-BF4B-00C04F79EFBC}") = "t3animals", "t3animals.csproj", "{1E88FD4F-3919-447F-A92F-547123DCB5DF}"
EndProject
Global
	GlobalSection(SolutionConfigurationPlatforms) = preSolution
		Debug|Any CPU = Debug|Any CPU
		Release|Any CPU = Release|Any CPU
	EndGlobalSection
	GlobalSection(ProjectConfigurationPlatforms) = postSolution
		{1E88FD4F-3919-447F-A92F-547123DCB5DF}.Debug|Any CPU.ActiveCfg = Debug|Any CPU
		{1E88FD4F-3919-447F-A92F-547123DCB5DF}.Debug|Any CPU.Build.0 = Debug|Any CPU
		{1E88FD4F-3919-447F-A92F-547123DCB5DF}.Release|Any CPU.ActiveCfg = Release|Any CPU
		{1E88FD4F-3919-447F-A92F-547123DCB5DF}.Release|Any CPU.Build.0 = Release|Any CPU
	EndGlobalSection
EndGlobal
