
Microsoft Visual Studio Solution File, Format Version 12.00
# Visual Studio 2012
Project("{FAE04EC0-301F-11D3-BF4B-00C04F79EFBC}") = "t8stringsagain", "t8stringsagain.csproj", "{3D7962AF-8F19-4F0F-A55F-3A93E873E50E}"
EndProject
Global
	GlobalSection(SolutionConfigurationPlatforms) = preSolution
		Debug|Any CPU = Debug|Any CPU
		Release|Any CPU = Release|Any CPU
	EndGlobalSection
	GlobalSection(ProjectConfigurationPlatforms) = postSolution
		{3D7962AF-8F19-4F0F-A55F-3A93E873E50E}.Debug|Any CPU.ActiveCfg = Debug|Any CPU
		{3D7962AF-8F19-4F0F-A55F-3A93E873E50E}.Debug|Any CPU.Build.0 = Debug|Any CPU
		{3D7962AF-8F19-4F0F-A55F-3A93E873E50E}.Release|Any CPU.ActiveCfg = Release|Any CPU
		{3D7962AF-8F19-4F0F-A55F-3A93E873E50E}.Release|Any CPU.Build.0 = Release|Any CPU
	EndGlobalSection
EndGlobal
